// !$*UTF8*$!
{
	archiveVersion = 1;
	classes = {
	};
	objectVersion = 46;
	objects = {

/* Begin PBXBuildFile section */
		B31C78551AF70B0900B58F55 /* main.m in Sources */ = {isa = PBXBuildFile; fileRef = B31C78541AF70B0900B58F55 /* main.m */; };
		B31C78581AF70B0900B58F55 /* AppDelegate.m in Sources */ = {isa = PBXBuildFile; fileRef = B31C78571AF70B0900B58F55 /* AppDelegate.m */; };
		B31C785E1AF70B0900B58F55 /* Main.storyboard in Resources */ = {isa = PBXBuildFile; fileRef = B31C785C1AF70B0900B58F55 /* Main.storyboard */; };
		B31C78601AF70B0900B58F55 /* Images.xcassets in Resources */ = {isa = PBXBuildFile; fileRef = B31C785F1AF70B0900B58F55 /* Images.xcassets */; };
		B31C78631AF70B0900B58F55 /* LaunchScreen.xib in Resources */ = {isa = PBXBuildFile; fileRef = B31C78611AF70B0900B58F55 /* LaunchScreen.xib */; };
		B31C786F1AF70B0900B58F55 /* CALayerTutorialTests.m in Sources */ = {isa = PBXBuildFile; fileRef = B31C786E1AF70B0900B58F55 /* CALayerTutorialTests.m */; };
		B31C78791AF70F6300B58F55 /* star.png in Resources */ = {isa = PBXBuildFile; fileRef = B31C78781AF70F6300B58F55 /* star.png */; };
		B31C787C1AF74F9C00B58F55 /* ListTableViewController.m in Sources */ = {isa = PBXBuildFile; fileRef = B31C787B1AF74F9C00B58F55 /* ListTableViewController.m */; };
		B31C787F1AF74FB100B58F55 /* CALayerViewController.m in Sources */ = {isa = PBXBuildFile; fileRef = B31C787E1AF74FB100B58F55 /* CALayerViewController.m */; };
		B31C78821AF74FC200B58F55 /* CAScrollLayerViewController.m in Sources */ = {isa = PBXBuildFile; fileRef = B31C78811AF74FC200B58F55 /* CAScrollLayerViewController.m */; };
		B31C78851AF74FCE00B58F55 /* CATextLayerViewController.m in Sources */ = {isa = PBXBuildFile; fileRef = B31C78841AF74FCE00B58F55 /* CATextLayerViewController.m */; };
		B31C78881AF74FE200B58F55 /* AVPlayerLayerViewController.m in Sources */ = {isa = PBXBuildFile; fileRef = B31C78871AF74FE200B58F55 /* AVPlayerLayerViewController.m */; };
		B31C788B1AF74FF900B58F55 /* CAGradientLayerViewController.m in Sources */ = {isa = PBXBuildFile; fileRef = B31C788A1AF74FF900B58F55 /* CAGradientLayerViewController.m */; };
		B31C788E1AF7500900B58F55 /* CAReplicatorLayerViewController.m in Sources */ = {isa = PBXBuildFile; fileRef = B31C788D1AF7500900B58F55 /* CAReplicatorLayerViewController.m */; };
		B31C78911AF7501600B58F55 /* CATiledLayerViewController.m in Sources */ = {isa = PBXBuildFile; fileRef = B31C78901AF7501600B58F55 /* CATiledLayerViewController.m */; };
		B31C78941AF7502300B58F55 /* CAShapeLayerViewController.m in Sources */ = {isa = PBXBuildFile; fileRef = B31C78931AF7502300B58F55 /* CAShapeLayerViewController.m */; };
		B31C78971AF7503100B58F55 /* CATransformLayerViewController.m in Sources */ = {isa = PBXBuildFile; fileRef = B31C78961AF7503100B58F55 /* CATransformLayerViewController.m */; };
		B31C789A1AF7503F00B58F55 /* CAEmitterLayerViewController.m in Sources */ = {isa = PBXBuildFile; fileRef = B31C78991AF7503F00B58F55 /* CAEmitterLayerViewController.m */; };
		B31C789D1AF761A500B58F55 /* AVFoundation.framework in Frameworks */ = {isa = PBXBuildFile; fileRef = B31C789C1AF761A500B58F55 /* AVFoundation.framework */; };
		B31C789E1AF77DFA00B58F55 /* colorful.m4v in Resources */ = {isa = PBXBuildFile; fileRef = B31C789B1AF7610100B58F55 /* colorful.m4v */; };
/* End PBXBuildFile section */

/* Begin PBXContainerItemProxy section */
		B31C78691AF70B0900B58F55 /* PBXContainerItemProxy */ = {
			isa = PBXContainerItemProxy;
			containerPortal = B31C78471AF70B0900B58F55 /* Project object */;
			proxyType = 1;
			remoteGlobalIDString = B31C784E1AF70B0900B58F55;
			remoteInfo = CALayerTutorial;
		};
/* End PBXContainerItemProxy section */

/* Begin PBXFileReference section */
		B31C784F1AF70B0900B58F55 /* CALayerTutorial.app */ = {isa = PBXFileReference; explicitFileType = wrapper.application; includeInIndex = 0; path = CALayerTutorial.app; sourceTree = BUILT_PRODUCTS_DIR; };
		B31C78531AF70B0900B58F55 /* Info.plist */ = {isa = PBXFileReference; lastKnownFileType = text.plist.xml; path = Info.plist; sourceTree = "<group>"; };
		B31C78541AF70B0900B58F55 /* main.m */ = {isa = PBXFileReference; lastKnownFileType = sourcecode.c.objc; path = main.m; sourceTree = "<group>"; };
		B31C78561AF70B0900B58F55 /* AppDelegate.h */ = {isa = PBXFileReference; lastKnownFileType = sourcecode.c.h; path = AppDelegate.h; sourceTree = "<group>"; };
		B31C78571AF70B0900B58F55 /* AppDelegate.m */ = {isa = PBXFileReference; lastKnownFileType = sourcecode.c.objc; path = AppDelegate.m; sourceTree = "<group>"; };
		B31C785D1AF70B0900B58F55 /* Base */ = {isa = PBXFileReference; lastKnownFileType = file.storyboard; name = Base; path = Base.lproj/Main.storyboard; sourceTree = "<group>"; };
		B31C785F1AF70B0900B58F55 /* Images.xcassets */ = {isa = PBXFileReference; lastKnownFileType = folder.assetcatalog; path = Images.xcassets; sourceTree = "<group>"; };
		B31C78621AF70B0900B58F55 /* Base */ = {isa = PBXFileReference; lastKnownFileType = file.xib; name = Base; path = Base.lproj/LaunchScreen.xib; sourceTree = "<group>"; };
		B31C78681AF70B0900B58F55 /* CALayerTutorialTests.xctest */ = {isa = PBXFileReference; explicitFileType = wrapper.cfbundle; includeInIndex = 0; path = CALayerTutorialTests.xctest; sourceTree = BUILT_PRODUCTS_DIR; };
		B31C786D1AF70B0900B58F55 /* Info.plist */ = {isa = PBXFileReference; lastKnownFileType = text.plist.xml; path = Info.plist; sourceTree = "<group>"; };
		B31C786E1AF70B0900B58F55 /* CALayerTutorialTests.m */ = {isa = PBXFileReference; lastKnownFileType = sourcecode.c.objc; path = CALayerTutorialTests.m; sourceTree = "<group>"; };
		B31C78781AF70F6300B58F55 /* star.png */ = {isa = PBXFileReference; lastKnownFileType = image.png; path = star.png; sourceTree = "<group>"; };
		B31C787A1AF74F9C00B58F55 /* ListTableViewController.h */ = {isa = PBXFileReference; fileEncoding = 4; lastKnownFileType = sourcecode.c.h; path = ListTableViewController.h; sourceTree = "<group>"; };
		B31C787B1AF74F9C00B58F55 /* ListTableViewController.m */ = {isa = PBXFileReference; fileEncoding = 4; lastKnownFileType = sourcecode.c.objc; path = ListTableViewController.m; sourceTree = "<group>"; };
		B31C787D1AF74FB100B58F55 /* CALayerViewController.h */ = {isa = PBXFileReference; fileEncoding = 4; lastKnownFileType = sourcecode.c.h; path = CALayerViewController.h; sourceTree = "<group>"; };
		B31C787E1AF74FB100B58F55 /* CALayerViewController.m */ = {isa = PBXFileReference; fileEncoding = 4; lastKnownFileType = sourcecode.c.objc; path = CALayerViewController.m; sourceTree = "<group>"; };
		B31C78801AF74FC200B58F55 /* CAScrollLayerViewController.h */ = {isa = PBXFileReference; fileEncoding = 4; lastKnownFileType = sourcecode.c.h; path = CAScrollLayerViewController.h; sourceTree = "<group>"; };
		B31C78811AF74FC200B58F55 /* CAScrollLayerViewController.m */ = {isa = PBXFileReference; fileEncoding = 4; lastKnownFileType = sourcecode.c.objc; path = CAScrollLayerViewController.m; sourceTree = "<group>"; };
		B31C78831AF74FCE00B58F55 /* CATextLayerViewController.h */ = {isa = PBXFileReference; fileEncoding = 4; lastKnownFileType = sourcecode.c.h; path = CATextLayerViewController.h; sourceTree = "<group>"; };
		B31C78841AF74FCE00B58F55 /* CATextLayerViewController.m */ = {isa = PBXFileReference; fileEncoding = 4; lastKnownFileType = sourcecode.c.objc; path = CATextLayerViewController.m; sourceTree = "<group>"; };
		B31C78861AF74FE200B58F55 /* AVPlayerLayerViewController.h */ = {isa = PBXFileReference; fileEncoding = 4; lastKnownFileType = sourcecode.c.h; path = AVPlayerLayerViewController.h; sourceTree = "<group>"; };
		B31C78871AF74FE200B58F55 /* AVPlayerLayerViewController.m */ = {isa = PBXFileReference; fileEncoding = 4; lastKnownFileType = sourcecode.c.objc; path = AVPlayerLayerViewController.m; sourceTree = "<group>"; };
		B31C78891AF74FF900B58F55 /* CAGradientLayerViewController.h */ = {isa = PBXFileReference; fileEncoding = 4; lastKnownFileType = sourcecode.c.h; path = CAGradientLayerViewController.h; sourceTree = "<group>"; };
		B31C788A1AF74FF900B58F55 /* CAGradientLayerViewController.m */ = {isa = PBXFileReference; fileEncoding = 4; lastKnownFileType = sourcecode.c.objc; path = CAGradientLayerViewController.m; sourceTree = "<group>"; };
		B31C788C1AF7500900B58F55 /* CAReplicatorLayerViewController.h */ = {isa = PBXFileReference; fileEncoding = 4; lastKnownFileType = sourcecode.c.h; path = CAReplicatorLayerViewController.h; sourceTree = "<group>"; };
		B31C788D1AF7500900B58F55 /* CAReplicatorLayerViewController.m */ = {isa = PBXFileReference; fileEncoding = 4; lastKnownFileType = sourcecode.c.objc; path = CAReplicatorLayerViewController.m; sourceTree = "<group>"; };
		B31C788F1AF7501600B58F55 /* CATiledLayerViewController.h */ = {isa = PBXFileReference; fileEncoding = 4; lastKnownFileType = sourcecode.c.h; path = CATiledLayerViewController.h; sourceTree = "<group>"; };
		B31C78901AF7501600B58F55 /* CATiledLayerViewController.m */ = {isa = PBXFileReference; fileEncoding = 4; lastKnownFileType = sourcecode.c.objc; path = CATiledLayerViewController.m; sourceTree = "<group>"; };
		B31C78921AF7502300B58F55 /* CAShapeLayerViewController.h */ = {isa = PBXFileReference; fileEncoding = 4; lastKnownFileType = sourcecode.c.h; path = CAShapeLayerViewController.h; sourceTree = "<group>"; };
		B31C78931AF7502300B58F55 /* CAShapeLayerViewController.m */ = {isa = PBXFileReference; fileEncoding = 4; lastKnownFileType = sourcecode.c.objc; path = CAShapeLayerViewController.m; sourceTree = "<group>"; };
		B31C78951AF7503100B58F55 /* CATransformLayerViewController.h */ = {isa = PBXFileReference; fileEncoding = 4; lastKnownFileType = sourcecode.c.h; path = CATransformLayerViewController.h; sourceTree = "<group>"; };
		B31C78961AF7503100B58F55 /* CATransformLayerViewController.m */ = {isa = PBXFileReference; fileEncoding = 4; lastKnownFileType = sourcecode.c.objc; path = CATransformLayerViewController.m; sourceTree = "<group>"; };
		B31C78981AF7503F00B58F55 /* CAEmitterLayerViewController.h */ = {isa = PBXFileReference; fileEncoding = 4; lastKnownFileType = sourcecode.c.h; path = CAEmitterLayerViewController.h; sourceTree = "<group>"; };
		B31C78991AF7503F00B58F55 /* CAEmitterLayerViewController.m */ = {isa = PBXFileReference; fileEncoding = 4; lastKnownFileType = sourcecode.c.objc; path = CAEmitterLayerViewController.m; sourceTree = "<group>"; };
		B31C789B1AF7610100B58F55 /* colorful.m4v */ = {isa = PBXFileReference; lastKnownFileType = file; path = colorful.m4v; sourceTree = "<group>"; };
		B31C789C1AF761A500B58F55 /* AVFoundation.framework */ = {isa = PBXFileReference; lastKnownFileType = wrapper.framework; name = AVFoundation.framework; path = System/Library/Frameworks/AVFoundation.framework; sourceTree = SDKROOT; };
/* End PBXFileReference section */

/* Begin PBXFrameworksBuildPhase section */
		B31C784C1AF70B0900B58F55 /* Frameworks */ = {
			isa = PBXFrameworksBuildPhase;
			buildActionMask = 2147483647;
			files = (
				B31C789D1AF761A500B58F55 /* AVFoundation.framework in Frameworks */,
			);
			runOnlyForDeploymentPostprocessing = 0;
		};
		B31C78651AF70B0900B58F55 /* Frameworks */ = {
			isa = PBXFrameworksBuildPhase;
			buildActionMask = 2147483647;
			files = (
			);
			runOnlyForDeploymentPostprocessing = 0;
		};
/* End PBXFrameworksBuildPhase section */

/* Begin PBXGroup section */
		B31C78461AF70B0900B58F55 = {
			isa = PBXGroup;
			children = (
				B31C789C1AF761A500B58F55 /* AVFoundation.framework */,
				B31C78511AF70B0900B58F55 /* CALayerTutorial */,
				B31C786B1AF70B0900B58F55 /* CALayerTutorialTests */,
				B31C78501AF70B0900B58F55 /* Products */,
			);
			sourceTree = "<group>";
		};
		B31C78501AF70B0900B58F55 /* Products */ = {
			isa = PBXGroup;
			children = (
				B31C784F1AF70B0900B58F55 /* CALayerTutorial.app */,
				B31C78681AF70B0900B58F55 /* CALayerTutorialTests.xctest */,
			);
			name = Products;
			sourceTree = "<group>";
		};
		B31C78511AF70B0900B58F55 /* CALayerTutorial */ = {
			isa = PBXGroup;
			children = (
				B31C78561AF70B0900B58F55 /* AppDelegate.h */,
				B31C78571AF70B0900B58F55 /* AppDelegate.m */,
				B31C785C1AF70B0900B58F55 /* Main.storyboard */,
				B31C787A1AF74F9C00B58F55 /* ListTableViewController.h */,
				B31C787B1AF74F9C00B58F55 /* ListTableViewController.m */,
				B31C787D1AF74FB100B58F55 /* CALayerViewController.h */,
				B31C787E1AF74FB100B58F55 /* CALayerViewController.m */,
				B31C78801AF74FC200B58F55 /* CAScrollLayerViewController.h */,
				B31C78811AF74FC200B58F55 /* CAScrollLayerViewController.m */,
				B31C78831AF74FCE00B58F55 /* CATextLayerViewController.h */,
				B31C78841AF74FCE00B58F55 /* CATextLayerViewController.m */,
				B31C78861AF74FE200B58F55 /* AVPlayerLayerViewController.h */,
				B31C78871AF74FE200B58F55 /* AVPlayerLayerViewController.m */,
				B31C78891AF74FF900B58F55 /* CAGradientLayerViewController.h */,
				B31C788A1AF74FF900B58F55 /* CAGradientLayerViewController.m */,
				B31C788C1AF7500900B58F55 /* CAReplicatorLayerViewController.h */,
				B31C788D1AF7500900B58F55 /* CAReplicatorLayerViewController.m */,
				B31C788F1AF7501600B58F55 /* CATiledLayerViewController.h */,
				B31C78901AF7501600B58F55 /* CATiledLayerViewController.m */,
				B31C78921AF7502300B58F55 /* CAShapeLayerViewController.h */,
				B31C78931AF7502300B58F55 /* CAShapeLayerViewController.m */,
				B31C78951AF7503100B58F55 /* CATransformLayerViewController.h */,
				B31C78961AF7503100B58F55 /* CATransformLayerViewController.m */,
				B31C78981AF7503F00B58F55 /* CAEmitterLayerViewController.h */,
				B31C78991AF7503F00B58F55 /* CAEmitterLayerViewController.m */,
				B31C785F1AF70B0900B58F55 /* Images.xcassets */,
				B31C78611AF70B0900B58F55 /* LaunchScreen.xib */,
				B31C78521AF70B0900B58F55 /* Supporting Files */,
			);
			path = CALayerTutorial;
			sourceTree = "<group>";
		};
		B31C78521AF70B0900B58F55 /* Supporting Files */ = {
			isa = PBXGroup;
			children = (
				B31C789B1AF7610100B58F55 /* colorful.m4v */,
				B31C78781AF70F6300B58F55 /* star.png */,
				B31C78531AF70B0900B58F55 /* Info.plist */,
				B31C78541AF70B0900B58F55 /* main.m */,
			);
			name = "Supporting Files";
			sourceTree = "<group>";
		};
		B31C786B1AF70B0900B58F55 /* CALayerTutorialTests */ = {
			isa = PBXGroup;
			children = (
				B31C786E1AF70B0900B58F55 /* CALayerTutorialTests.m */,
				B31C786C1AF70B0900B58F55 /* Supporting Files */,
			);
			path = CALayerTutorialTests;
			sourceTree = "<group>";
		};
		B31C786C1AF70B0900B58F55 /* Supporting Files */ = {
			isa = PBXGroup;
			children = (
				B31C786D1AF70B0900B58F55 /* Info.plist */,
			);
			name = "Supporting Files";
			sourceTree = "<group>";
		};
/* End PBXGroup section */

/* Begin PBXNativeTarget section */
		B31C784E1AF70B0900B58F55 /* CALayerTutorial */ = {
			isa = PBXNativeTarget;
			buildConfigurationList = B31C78721AF70B0900B58F55 /* Build configuration list for PBXNativeTarget "CALayerTutorial" */;
			buildPhases = (
				B31C784B1AF70B0900B58F55 /* Sources */,
				B31C784C1AF70B0900B58F55 /* Frameworks */,
				B31C784D1AF70B0900B58F55 /* Resources */,
			);
			buildRules = (
			);
			dependencies = (
			);
			name = CALayerTutorial;
			productName = CALayerTutorial;
			productReference = B31C784F1AF70B0900B58F55 /* CALayerTutorial.app */;
			productType = "com.apple.product-type.application";
		};
		B31C78671AF70B0900B58F55 /* CALayerTutorialTests */ = {
			isa = PBXNativeTarget;
			buildConfigurationList = B31C78751AF70B0900B58F55 /* Build configuration list for PBXNativeTarget "CALayerTutorialTests" */;
			buildPhases = (
				B31C78641AF70B0900B58F55 /* Sources */,
				B31C78651AF70B0900B58F55 /* Frameworks */,
				B31C78661AF70B0900B58F55 /* Resources */,
			);
			buildRules = (
			);
			dependencies = (
				B31C786A1AF70B0900B58F55 /* PBXTargetDependency */,
			);
			name = CALayerTutorialTests;
			productName = CALayerTutorialTests;
			productReference = B31C78681AF70B0900B58F55 /* CALayerTutorialTests.xctest */;
			productType = "com.apple.product-type.bundle.unit-test";
		};
/* End PBXNativeTarget section */

/* Begin PBXProject section */
		B31C78471AF70B0900B58F55 /* Project object */ = {
			isa = PBXProject;
			attributes = {
				LastUpgradeCheck = 0630;
				ORGANIZATIONNAME = iXiaobo;
				TargetAttributes = {
					B31C784E1AF70B0900B58F55 = {
						CreatedOnToolsVersion = 6.3;
						DevelopmentTeam = 8XZK6537NP;
					};
					B31C78671AF70B0900B58F55 = {
						CreatedOnToolsVersion = 6.3;
						TestTargetID = B31C784E1AF70B0900B58F55;
					};
				};
			};
			buildConfigurationList = B31C784A1AF70B0900B58F55 /* Build configuration list for PBXProject "CALayerTutorial" */;
			compatibilityVersion = "Xcode 3.2";
			developmentRegion = English;
			hasScannedForEncodings = 0;
			knownRegions = (
				en,
				Base,
			);
			mainGroup = B31C78461AF70B0900B58F55;
			productRefGroup = B31C78501AF70B0900B58F55 /* Products */;
			projectDirPath = "";
			projectRoot = "";
			targets = (
				B31C784E1AF70B0900B58F55 /* CALayerTutorial */,
				B31C78671AF70B0900B58F55 /* CALayerTutorialTests */,
			);
		};
/* End PBXProject section */

/* Begin PBXResourcesBuildPhase section */
		B31C784D1AF70B0900B58F55 /* Resources */ = {
			isa = PBXResourcesBuildPhase;
			buildActionMask = 2147483647;
			files = (
				B31C789E1AF77DFA00B58F55 /* colorful.m4v in Resources */,
				B31C785E1AF70B0900B58F55 /* Main.storyboard in Resources */,
				B31C78791AF70F6300B58F55 /* star.png in Resources */,
				B31C78631AF70B0900B58F55 /* LaunchScreen.xib in Resources */,
				B31C78601AF70B0900B58F55 /* Images.xcassets in Resources */,
			);
			runOnlyForDeploymentPostprocessing = 0;
		};
		B31C78661AF70B0900B58F55 /* Resources */ = {
			isa = PBXResourcesBuildPhase;
			buildActionMask = 2147483647;
			files = (
			);
			runOnlyForDeploymentPostprocessing = 0;
		};
/* End PBXResourcesBuildPhase section */

/* Begin PBXSourcesBuildPhase section */
		B31C784B1AF70B0900B58F55 /* Sources */ = {
			isa = PBXSourcesBuildPhase;
			buildActionMask = 2147483647;
			files = (
				B31C78881AF74FE200B58F55 /* AVPlayerLayerViewController.m in Sources */,
				B31C78971AF7503100B58F55 /* CATransformLayerViewController.m in Sources */,
				B31C78851AF74FCE00B58F55 /* CATextLayerViewController.m in Sources */,
				B31C789A1AF7503F00B58F55 /* CAEmitterLayerViewController.m in Sources */,
				B31C78581AF70B0900B58F55 /* AppDelegate.m in Sources */,
				B31C78551AF70B0900B58F55 /* main.m in Sources */,
				B31C78821AF74FC200B58F55 /* CAScrollLayerViewController.m in Sources */,
				B31C787F1AF74FB100B58F55 /* CALayerViewController.m in Sources */,
				B31C788E1AF7500900B58F55 /* CAReplicatorLayerViewController.m in Sources */,
				B31C78941AF7502300B58F55 /* CAShapeLayerViewController.m in Sources */,
				B31C788B1AF74FF900B58F55 /* CAGradientLayerViewController.m in Sources */,
				B31C787C1AF74F9C00B58F55 /* ListTableViewController.m in Sources */,
				B31C78911AF7501600B58F55 /* CATiledLayerViewController.m in Sources */,
			);
			runOnlyForDeploymentPostprocessing = 0;
		};
		B31C78641AF70B0900B58F55 /* Sources */ = {
			isa = PBXSourcesBuildPhase;
			buildActionMask = 2147483647;
			files = (
				B31C786F1AF70B0900B58F55 /* CALayerTutorialTests.m in Sources */,
			);
			runOnlyForDeploymentPostprocessing = 0;
		};
/* End PBXSourcesBuildPhase section */

/* Begin PBXTargetDependency section */
		B31C786A1AF70B0900B58F55 /* PBXTargetDependency */ = {
			isa = PBXTargetDependency;
			target = B31C784E1AF70B0900B58F55 /* CALayerTutorial */;
			targetProxy = B31C78691AF70B0900B58F55 /* PBXContainerItemProxy */;
		};
/* End PBXTargetDependency section */

/* Begin PBXVariantGroup section */
		B31C785C1AF70B0900B58F55 /* Main.storyboard */ = {
			isa = PBXVariantGroup;
			children = (
				B31C785D1AF70B0900B58F55 /* Base */,
			);
			name = Main.storyboard;
			sourceTree = "<group>";
		};
		B31C78611AF70B0900B58F55 /* LaunchScreen.xib */ = {
			isa = PBXVariantGroup;
			children = (
				B31C78621AF70B0900B58F55 /* Base */,
			);
			name = LaunchScreen.xib;
			sourceTree = "<group>";
		};
/* End PBXVariantGroup section */

/* Begin XCBuildConfiguration section */
		B31C78701AF70B0900B58F55 /* Debug */ = {
			isa = XCBuildConfiguration;
			buildSettings = {
				ALWAYS_SEARCH_USER_PATHS = NO;
				CLANG_CXX_LANGUAGE_STANDARD = "gnu++0x";
				CLANG_CXX_LIBRARY = "libc++";
				CLANG_ENABLE_MODULES = YES;
				CLANG_ENABLE_OBJC_ARC = YES;
				CLANG_WARN_BOOL_CONVERSION = YES;
				CLANG_WARN_CONSTANT_CONVERSION = YES;
				CLANG_WARN_DIRECT_OBJC_ISA_USAGE = YES_ERROR;
				CLANG_WARN_EMPTY_BODY = YES;
				CLANG_WARN_ENUM_CONVERSION = YES;
				CLANG_WARN_INT_CONVERSION = YES;
				CLANG_WARN_OBJC_ROOT_CLASS = YES_ERROR;
				CLANG_WARN_UNREACHABLE_CODE = YES;
				CLANG_WARN__DUPLICATE_METHOD_MATCH = YES;
				"CODE_SIGN_IDENTITY[sdk=iphoneos*]" = "iPhone Developer";
				COPY_PHASE_STRIP = NO;
				DEBUG_INFORMATION_FORMAT = "dwarf-with-dsym";
				ENABLE_STRICT_OBJC_MSGSEND = YES;
				GCC_C_LANGUAGE_STANDARD = gnu99;
				GCC_DYNAMIC_NO_PIC = NO;
				GCC_NO_COMMON_BLOCKS = YES;
				GCC_OPTIMIZATION_LEVEL = 0;
				GCC_PREPROCESSOR_DEFINITIONS = (
					"DEBUG=1",
					"$(inherited)",
				);
				GCC_SYMBOLS_PRIVATE_EXTERN = NO;
				GCC_WARN_64_TO_32_BIT_CONVERSION = YES;
				GCC_WARN_ABOUT_RETURN_TYPE = YES_ERROR;
				GCC_WARN_UNDECLARED_SELECTOR = YES;
				GCC_WARN_UNINITIALIZED_AUTOS = YES_AGGRESSIVE;
				GCC_WARN_UNUSED_FUNCTION = YES;
				GCC_WARN_UNUSED_VARIABLE = YES;
				IPHONEOS_DEPLOYMENT_TARGET = 8.3;
				MTL_ENABLE_DEBUG_INFO = YES;
				ONLY_ACTIVE_ARCH = YES;
				SDKROOT = iphoneos;
			};
			name = Debug;
		};
		B31C78711AF70B0900B58F55 /* Release */ = {
			isa = XCBuildConfiguration;
			buildSettings = {
				ALWAYS_SEARCH_USER_PATHS = NO;
				CLANG_CXX_LANGUAGE_STANDARD = "gnu++0x";
				CLANG_CXX_LIBRARY = "libc++";
				CLANG_ENABLE_MODULES = YES;
				CLANG_ENABLE_OBJC_ARC = YES;
				CLANG_WARN_BOOL_CONVERSION = YES;
				CLANG_WARN_CONSTANT_CONVERSION = YES;
				CLANG_WARN_DIRECT_OBJC_ISA_USAGE = YES_ERROR;
				CLANG_WARN_EMPTY_BODY = YES;
				CLANG_WARN_ENUM_CONVERSION = YES;
				CLANG_WARN_INT_CONVERSION = YES;
				CLANG_WARN_OBJC_ROOT_CLASS = YES_ERROR;
				CLANG_WARN_UNREACHABLE_CODE = YES;
				CLANG_WARN__DUPLICATE_METHOD_MATCH = YES;
				"CODE_SIGN_IDENTITY[sdk=iphoneos*]" = "iPhone Developer";
				COPY_PHASE_STRIP = NO;
				DEBUG_INFORMATION_FORMAT = "dwarf-with-dsym";
				ENABLE_NS_ASSERTIONS = NO;
				ENABLE_STRICT_OBJC_MSGSEND = YES;
				GCC_C_LANGUAGE_STANDARD = gnu99;
				GCC_NO_COMMON_BLOCKS = YES;
				GCC_WARN_64_TO_32_BIT_CONVERSION = YES;
				GCC_WARN_ABOUT_RETURN_TYPE = YES_ERROR;
				GCC_WARN_UNDECLARED_SELECTOR = YES;
				GCC_WARN_UNINITIALIZED_AUTOS = YES_AGGRESSIVE;
				GCC_WARN_UNUSED_FUNCTION = YES;
				GCC_WARN_UNUSED_VARIABLE = YES;
				IPHONEOS_DEPLOYMENT_TARGET = 8.3;
				MTL_ENABLE_DEBUG_INFO = NO;
				SDKROOT = iphoneos;
				VALIDATE_PRODUCT = YES;
			};
			name = Release;
		};
		B31C78731AF70B0900B58F55 /* Debug */ = {
			isa = XCBuildConfiguration;
			buildSettings = {
				ASSETCATALOG_COMPILER_APPICON_NAME = AppIcon;
				CODE_SIGN_IDENTITY = "iPhone Developer: YAN JIANG (VCXRPV5DY3)";
				INFOPLIST_FILE = CALayerTutorial/Info.plist;
				IPHONEOS_DEPLOYMENT_TARGET = 7.0;
				LD_RUNPATH_SEARCH_PATHS = "$(inherited) @executable_path/Frameworks";
				PRODUCT_NAME = "$(TARGET_NAME)";
			};
			name = Debug;
		};
		B31C78741AF70B0900B58F55 /* Release */ = {
			isa = XCBuildConfiguration;
			buildSettings = {
				ASSETCATALOG_COMPILER_APPICON_NAME = AppIcon;
				CODE_SIGN_IDENTITY = "iPhone Developer: YAN JIANG (VCXRPV5DY3)";
				INFOPLIST_FILE = CALayerTutorial/Info.plist;
				IPHONEOS_DEPLOYMENT_TARGET = 7.0;
				LD_RUNPATH_SEARCH_PATHS = "$(inherited) @executable_path/Frameworks";
				PRODUCT_NAME = "$(TARGET_NAME)";
			};
			name = Release;
		};
		B31C78761AF70B0900B58F55 /* Debug */ = {
			isa = XCBuildConfiguration;
			buildSettings = {
				BUNDLE_LOADER = "$(TEST_HOST)";
				FRAMEWORK_SEARCH_PATHS = (
					"$(SDKROOT)/Developer/Library/Frameworks",
					"$(inherited)",
				);
				GCC_PREPROCESSOR_DEFINITIONS = (
					"DEBUG=1",
					"$(inherited)",
				);
				INFOPLIST_FILE = CALayerTutorialTests/Info.plist;
				LD_RUNPATH_SEARCH_PATHS = "$(inherited) @executable_path/Frameworks @loader_path/Frameworks";
				PRODUCT_NAME = "$(TARGET_NAME)";
				TEST_HOST = "$(BUILT_PRODUCTS_DIR)/CALayerTutorial.app/CALayerTutorial";
			};
			name = Debug;
		};
		B31C78771AF70B0900B58F55 /* Release */ = {
			isa = XCBuildConfiguration;
			buildSettings = {
				BUNDLE_LOADER = "$(TEST_HOST)";
				FRAMEWORK_SEARCH_PATHS = (
					"$(SDKROOT)/Developer/Library/Frameworks",
					"$(inherited)",
				);
				INFOPLIST_FILE = CALayerTutorialTests/Info.plist;
				LD_RUNPATH_SEARCH_PATHS = "$(inherited) @executable_path/Frameworks @loader_path/Frameworks";
				PRODUCT_NAME = "$(TARGET_NAME)";
				TEST_HOST = "$(BUILT_PRODUCTS_DIR)/CALayerTutorial.app/CALayerTutorial";
			};
			name = Release;
		};
/* End XCBuildConfiguration section */

/* Begin XCConfigurationList section */
		B31C784A1AF70B0900B58F55 /* Build configuration list for PBXProject "CALayerTutorial" */ = {
			isa = XCConfigurationList;
			buildConfigurations = (
				B31C78701AF70B0900B58F55 /* Debug */,
				B31C78711AF70B0900B58F55 /* Release */,
			);
			defaultConfigurationIsVisible = 0;
			defaultConfigurationName = Release;
		};
		B31C78721AF70B0900B58F55 /* Build configuration list for PBXNativeTarget "CALayerTutorial" */ = {
			isa = XCConfigurationList;
			buildConfigurations = (
				B31C78731AF70B0900B58F55 /* Debug */,
				B31C78741AF70B0900B58F55 /* Release */,
			);
			defaultConfigurationIsVisible = 0;
			defaultConfigurationName = Release;
		};
		B31C78751AF70B0900B58F55 /* Build configuration list for PBXNativeTarget "CALayerTutorialTests" */ = {
			isa = XCConfigurationList;
			buildConfigurations = (
				B31C78761AF70B0900B58F55 /* Debug */,
				B31C78771AF70B0900B58F55 /* Release */,
			);
			defaultConfigurationIsVisible = 0;
			defaultConfigurationName = Release;
		};
/* End XCConfigurationList section */
	};
	rootObject = B31C78471AF70B0900B58F55 /* Project object */;
}
